
Microsoft Visual Studio Solution File, Format Version 12.00
# Visual Studio Version 17
VisualStudioVersion = 17.14.37314.3 d17.14
MinimumVisualStudioVersion = 10.0.40219.1
Project("{FAE04EC0-301F-11D3-BF4B-00C04F79EFBC}") = "SocketPictureServer", "SocketPicture\SocketPictureServer.csproj", "{71A80178-69F2-4CCA-88C1-48BBBB816C8E}"
EndProject
Project("{FAE04EC0-301F-11D3-BF4B-00C04F79EFBC}") = "SocketPictureClient", "SocketPictureClient\SocketPictureClient.csproj", "{0FD77771-6A71-4416-BB0A-5BD58DC3E702}"
EndProject
Global
	GlobalSection(SolutionConfigurationPlatforms) = preSolution
		Debug|Any CPU = Debug|Any CPU
		Release|Any CPU = Release|Any CPU
	EndGlobalSection
	GlobalSection(ProjectConfigurationPlatforms) = postSolution
		{71A80178-69F2-4CCA-88C1-48BBBB816C8E}.Debug|Any CPU.ActiveCfg = Debug|Any CPU
		{71A80178-69F2-4CCA-88C1-48BBBB816C8E}.Debug|Any CPU.Build.0 = Debug|Any CPU
		{71A80178-69F2-4CCA-88C1-48BBBB816C8E}.Release|Any CPU.ActiveCfg = Release|Any CPU
		{71A80178-69F2-4CCA-88C1-48BBBB816C8E}.Release|Any CPU.Build.0 = Release|Any CPU
		{0FD77771-6A71-4416-BB0A-5BD58DC3E702}.Debug|Any CPU.ActiveCfg = Debug|Any CPU
		{0FD77771-6A71-4416-BB0A-5BD58DC3E702}.Debug|Any CPU.Build.0 = Debug|Any CPU
		{0FD77771-6A71-4416-BB0A-5BD58DC3E702}.Release|Any CPU.ActiveCfg = Release|Any CPU
		{0FD77771-6A71-4416-BB0A-5BD58DC3E702}.Release|Any CPU.Build.0 = Release|Any CPU
	EndGlobalSection
	GlobalSection(SolutionProperties) = preSolution
		HideSolutionNode = FALSE
	EndGlobalSection
	GlobalSection(ExtensibilityGlobals) = postSolution
		SolutionGuid = {587647AB-B0CA-4888-8695-2A2762626F13}
	EndGlobalSection
EndGlobal
