
Microsoft Visual Studio Solution File, Format Version 12.00
# Visual Studio Version 17
VisualStudioVersion = 17.14.37314.3 d17.14
MinimumVisualStudioVersion = 10.0.40219.1
Project("{FAE04EC0-301F-11D3-BF4B-00C04F79EFBC}") = "PacketPrac", "PacketPrac\PacketPrac.csproj", "{DDA7B9BB-A8B1-4AB7-A41E-55214A65A1AF}"
EndProject
Project("{FAE04EC0-301F-11D3-BF4B-00C04F79EFBC}") = "PacketServer", "PacketServer\PacketServer.csproj", "{147140C5-0A5E-4180-963B-323AF3BD3BD4}"
EndProject
Project("{FAE04EC0-301F-11D3-BF4B-00C04F79EFBC}") = "PacketClient", "PacketClient\PacketClient.csproj", "{03A7E160-9FFD-4293-A6B5-424DBCD6D722}"
EndProject
Global
	GlobalSection(SolutionConfigurationPlatforms) = preSolution
		Debug|Any CPU = Debug|Any CPU
		Release|Any CPU = Release|Any CPU
	EndGlobalSection
	GlobalSection(ProjectConfigurationPlatforms) = postSolution
		{DDA7B9BB-A8B1-4AB7-A41E-55214A65A1AF}.Debug|Any CPU.ActiveCfg = Debug|Any CPU
		{DDA7B9BB-A8B1-4AB7-A41E-55214A65A1AF}.Debug|Any CPU.Build.0 = Debug|Any CPU
		{DDA7B9BB-A8B1-4AB7-A41E-55214A65A1AF}.Release|Any CPU.ActiveCfg = Release|Any CPU
		{DDA7B9BB-A8B1-4AB7-A41E-55214A65A1AF}.Release|Any CPU.Build.0 = Release|Any CPU
		{147140C5-0A5E-4180-963B-323AF3BD3BD4}.Debug|Any CPU.ActiveCfg = Debug|Any CPU
		{147140C5-0A5E-4180-963B-323AF3BD3BD4}.Debug|Any CPU.Build.0 = Debug|Any CPU
		{147140C5-0A5E-4180-963B-323AF3BD3BD4}.Release|Any CPU.ActiveCfg = Release|Any CPU
		{147140C5-0A5E-4180-963B-323AF3BD3BD4}.Release|Any CPU.Build.0 = Release|Any CPU
		{03A7E160-9FFD-4293-A6B5-424DBCD6D722}.Debug|Any CPU.ActiveCfg = Debug|Any CPU
		{03A7E160-9FFD-4293-A6B5-424DBCD6D722}.Debug|Any CPU.Build.0 = Debug|Any CPU
		{03A7E160-9FFD-4293-A6B5-424DBCD6D722}.Release|Any CPU.ActiveCfg = Release|Any CPU
		{03A7E160-9FFD-4293-A6B5-424DBCD6D722}.Release|Any CPU.Build.0 = Release|Any CPU
	EndGlobalSection
	GlobalSection(SolutionProperties) = preSolution
		HideSolutionNode = FALSE
	EndGlobalSection
	GlobalSection(ExtensibilityGlobals) = postSolution
		SolutionGuid = {775A3E2F-CF72-44DD-9002-F10F814DF6FC}
	EndGlobalSection
EndGlobal
