
Microsoft Visual Studio Solution File, Format Version 12.00
# Visual Studio Version 17
VisualStudioVersion = 17.14.37027.9 d17.14
MinimumVisualStudioVersion = 10.0.40219.1
Project("{FAE04EC0-301F-11D3-BF4B-00C04F79EFBC}") = "Project1_timer", "Project1_timer\Project1_timer.csproj", "{E17B6EAF-B96C-4DFF-B329-176DF4B9CFB1}"
EndProject
Global
	GlobalSection(SolutionConfigurationPlatforms) = preSolution
		Debug|Any CPU = Debug|Any CPU
		Release|Any CPU = Release|Any CPU
	EndGlobalSection
	GlobalSection(ProjectConfigurationPlatforms) = postSolution
		{E17B6EAF-B96C-4DFF-B329-176DF4B9CFB1}.Debug|Any CPU.ActiveCfg = Debug|Any CPU
		{E17B6EAF-B96C-4DFF-B329-176DF4B9CFB1}.Debug|Any CPU.Build.0 = Debug|Any CPU
		{E17B6EAF-B96C-4DFF-B329-176DF4B9CFB1}.Release|Any CPU.ActiveCfg = Release|Any CPU
		{E17B6EAF-B96C-4DFF-B329-176DF4B9CFB1}.Release|Any CPU.Build.0 = Release|Any CPU
	EndGlobalSection
	GlobalSection(SolutionProperties) = preSolution
		HideSolutionNode = FALSE
	EndGlobalSection
	GlobalSection(ExtensibilityGlobals) = postSolution
		SolutionGuid = {AB94C44C-E52A-4574-8C66-7CFDF76F5529}
	EndGlobalSection
EndGlobal
