
Microsoft Visual Studio Solution File, Format Version 12.00
# Visual Studio Version 17
VisualStudioVersion = 17.14.37027.9 d17.14
MinimumVisualStudioVersion = 10.0.40219.1
Project("{FAE04EC0-301F-11D3-BF4B-00C04F79EFBC}") = "WinFormsApp1", "WinFormsApp1\WinFormsApp1.csproj", "{242F5D8E-B6A7-46CF-9974-FE3C201912B5}"
EndProject
Global
	GlobalSection(SolutionConfigurationPlatforms) = preSolution
		Debug|Any CPU = Debug|Any CPU
		Release|Any CPU = Release|Any CPU
	EndGlobalSection
	GlobalSection(ProjectConfigurationPlatforms) = postSolution
		{242F5D8E-B6A7-46CF-9974-FE3C201912B5}.Debug|Any CPU.ActiveCfg = Debug|Any CPU
		{242F5D8E-B6A7-46CF-9974-FE3C201912B5}.Debug|Any CPU.Build.0 = Debug|Any CPU
		{242F5D8E-B6A7-46CF-9974-FE3C201912B5}.Release|Any CPU.ActiveCfg = Release|Any CPU
		{242F5D8E-B6A7-46CF-9974-FE3C201912B5}.Release|Any CPU.Build.0 = Release|Any CPU
	EndGlobalSection
	GlobalSection(SolutionProperties) = preSolution
		HideSolutionNode = FALSE
	EndGlobalSection
	GlobalSection(ExtensibilityGlobals) = postSolution
		SolutionGuid = {C036094E-C5A4-4713-B710-D603E31F0403}
	EndGlobalSection
EndGlobal
